
Microsoft Visual Studio Solution File, Format Version 12.00
# Visual Studio Version 17
VisualStudioVersion = 17.7.34031.279
MinimumVisualStudioVersion = 10.0.40219.1
Project("{9A19103F-16F7-4668-BE54-9A1E7A4F7556}") = "SU.Module2", "SU.Module2\SU.Module2.csproj", "{6DA5559F-2375-4058-AC1E-E0F00D346C9F}"
EndProject
Project("{FAE04EC0-301F-11D3-BF4B-00C04F79EFBC}") = "Task2", "Task2\Task2.csproj", "{4188AA3B-B172-4B95-B17F-137F8D62235F}"
EndProject
Project("{FAE04EC0-301F-11D3-BF4B-00C04F79EFBC}") = "Task3", "Task3\Task3.csproj", "{008B90F5-8AFA-418E-BCB3-CFB6550A199C}"
EndProject
Project("{FAE04EC0-301F-11D3-BF4B-00C04F79EFBC}") = "Task4", "Task4\Task4.csproj", "{B936419F-354F-4BC0-A18C-AD1A4B66A3AD}"
EndProject
Project("{FAE04EC0-301F-11D3-BF4B-00C04F79EFBC}") = "Task5", "Task5\Task5.csproj", "{739E8282-65B9-4FDB-973E-E18120C0F7A6}"
EndProject
Project("{FAE04EC0-301F-11D3-BF4B-00C04F79EFBC}") = "Task6", "Task6\Task6.csproj", "{270C1A76-321A-44F1-8924-B7890C2C1528}"
EndProject
Project("{FAE04EC0-301F-11D3-BF4B-00C04F79EFBC}") = "Task7", "Task7\Task7.csproj", "{7C161E50-98F2-429A-9856-177C2302C790}"
EndProject
Project("{FAE04EC0-301F-11D3-BF4B-00C04F79EFBC}") = "Task8", "Task8\Task8.csproj", "{EB24DAB8-8537-4012-BF67-4FAFC832496E}"
EndProject
Project("{FAE04EC0-301F-11D3-BF4B-00C04F79EFBC}") = "Task9", "Task9\Task9.csproj", "{A28D212C-5350-4865-8210-FC707B7EDD7A}"
EndProject
Project("{FAE04EC0-301F-11D3-BF4B-00C04F79EFBC}") = "Task10", "Task10\Task10.csproj", "{7D0D584D-884A-4972-850F-7B7101DC5580}"
EndProject
Project("{FAE04EC0-301F-11D3-BF4B-00C04F79EFBC}") = "Task11", "Task11\Task11.csproj", "{94C748AA-6C8C-458B-8B44-65405B3964B3}"
EndProject
Project("{FAE04EC0-301F-11D3-BF4B-00C04F79EFBC}") = "Task12", "Task12\Task12.csproj", "{7737DC50-9F8F-4F9F-9FDA-BBD94217354B}"
EndProject
Project("{FAE04EC0-301F-11D3-BF4B-00C04F79EFBC}") = "Task13", "Task13\Task13.csproj", "{CA7D9FAA-5667-46BA-9631-557FA589615E}"
EndProject
Project("{FAE04EC0-301F-11D3-BF4B-00C04F79EFBC}") = "Task14", "Task14\Task14.csproj", "{39FAFCCF-DD0A-4312-BC52-1063AF0CB36C}"
EndProject
Project("{FAE04EC0-301F-11D3-BF4B-00C04F79EFBC}") = "Task15", "Task15\Task15.csproj", "{6E26700E-7592-47C1-A8BE-028A245B7883}"
EndProject
Project("{FAE04EC0-301F-11D3-BF4B-00C04F79EFBC}") = "Task16", "Task16\Task16.csproj", "{3E409F74-49E5-4F2F-84DB-CA63660C5105}"
EndProject
Project("{FAE04EC0-301F-11D3-BF4B-00C04F79EFBC}") = "Task17", "Task17\Task17.csproj", "{B988C339-C94E-4371-A317-1D8B4C4211BD}"
EndProject
Project("{FAE04EC0-301F-11D3-BF4B-00C04F79EFBC}") = "Task18", "Task18\Task18.csproj", "{A7A0F64C-DB17-4D3B-B640-3F1027599216}"
EndProject
Global
	GlobalSection(SolutionConfigurationPlatforms) = preSolution
		Debug|Any CPU = Debug|Any CPU
		Release|Any CPU = Release|Any CPU
	EndGlobalSection
	GlobalSection(ProjectConfigurationPlatforms) = postSolution
		{6DA5559F-2375-4058-AC1E-E0F00D346C9F}.Debug|Any CPU.ActiveCfg = Debug|Any CPU
		{6DA5559F-2375-4058-AC1E-E0F00D346C9F}.Debug|Any CPU.Build.0 = Debug|Any CPU
		{6DA5559F-2375-4058-AC1E-E0F00D346C9F}.Release|Any CPU.ActiveCfg = Release|Any CPU
		{6DA5559F-2375-4058-AC1E-E0F00D346C9F}.Release|Any CPU.Build.0 = Release|Any CPU
		{4188AA3B-B172-4B95-B17F-137F8D62235F}.Debug|Any CPU.ActiveCfg = Debug|Any CPU
		{4188AA3B-B172-4B95-B17F-137F8D62235F}.Debug|Any CPU.Build.0 = Debug|Any CPU
		{4188AA3B-B172-4B95-B17F-137F8D62235F}.Release|Any CPU.ActiveCfg = Release|Any CPU
		{4188AA3B-B172-4B95-B17F-137F8D62235F}.Release|Any CPU.Build.0 = Release|Any CPU
		{008B90F5-8AFA-418E-BCB3-CFB6550A199C}.Debug|Any CPU.ActiveCfg = Debug|Any CPU
		{008B90F5-8AFA-418E-BCB3-CFB6550A199C}.Debug|Any CPU.Build.0 = Debug|Any CPU
		{008B90F5-8AFA-418E-BCB3-CFB6550A199C}.Release|Any CPU.ActiveCfg = Release|Any CPU
		{008B90F5-8AFA-418E-BCB3-CFB6550A199C}.Release|Any CPU.Build.0 = Release|Any CPU
		{B936419F-354F-4BC0-A18C-AD1A4B66A3AD}.Debug|Any CPU.ActiveCfg = Debug|Any CPU
		{B936419F-354F-4BC0-A18C-AD1A4B66A3AD}.Debug|Any CPU.Build.0 = Debug|Any CPU
		{B936419F-354F-4BC0-A18C-AD1A4B66A3AD}.Release|Any CPU.ActiveCfg = Release|Any CPU
		{B936419F-354F-4BC0-A18C-AD1A4B66A3AD}.Release|Any CPU.Build.0 = Release|Any CPU
		{739E8282-65B9-4FDB-973E-E18120C0F7A6}.Debug|Any CPU.ActiveCfg = Debug|Any CPU
		{739E8282-65B9-4FDB-973E-E18120C0F7A6}.Debug|Any CPU.Build.0 = Debug|Any CPU
		{739E8282-65B9-4FDB-973E-E18120C0F7A6}.Release|Any CPU.ActiveCfg = Release|Any CPU
		{739E8282-65B9-4FDB-973E-E18120C0F7A6}.Release|Any CPU.Build.0 = Release|Any CPU
		{270C1A76-321A-44F1-8924-B7890C2C1528}.Debug|Any CPU.ActiveCfg = Debug|Any CPU
		{270C1A76-321A-44F1-8924-B7890C2C1528}.Debug|Any CPU.Build.0 = Debug|Any CPU
		{270C1A76-321A-44F1-8924-B7890C2C1528}.Release|Any CPU.ActiveCfg = Release|Any CPU
		{270C1A76-321A-44F1-8924-B7890C2C1528}.Release|Any CPU.Build.0 = Release|Any CPU
		{7C161E50-98F2-429A-9856-177C2302C790}.Debug|Any CPU.ActiveCfg = Debug|Any CPU
		{7C161E50-98F2-429A-9856-177C2302C790}.Debug|Any CPU.Build.0 = Debug|Any CPU
		{7C161E50-98F2-429A-9856-177C2302C790}.Release|Any CPU.ActiveCfg = Release|Any CPU
		{7C161E50-98F2-429A-9856-177C2302C790}.Release|Any CPU.Build.0 = Release|Any CPU
		{EB24DAB8-8537-4012-BF67-4FAFC832496E}.Debug|Any CPU.ActiveCfg = Debug|Any CPU
		{EB24DAB8-8537-4012-BF67-4FAFC832496E}.Debug|Any CPU.Build.0 = Debug|Any CPU
		{EB24DAB8-8537-4012-BF67-4FAFC832496E}.Release|Any CPU.ActiveCfg = Release|Any CPU
		{EB24DAB8-8537-4012-BF67-4FAFC832496E}.Release|Any CPU.Build.0 = Release|Any CPU
		{A28D212C-5350-4865-8210-FC707B7EDD7A}.Debug|Any CPU.ActiveCfg = Debug|Any CPU
		{A28D212C-5350-4865-8210-FC707B7EDD7A}.Debug|Any CPU.Build.0 = Debug|Any CPU
		{A28D212C-5350-4865-8210-FC707B7EDD7A}.Release|Any CPU.ActiveCfg = Release|Any CPU
		{A28D212C-5350-4865-8210-FC707B7EDD7A}.Release|Any CPU.Build.0 = Release|Any CPU
		{7D0D584D-884A-4972-850F-7B7101DC5580}.Debug|Any CPU.ActiveCfg = Debug|Any CPU
		{7D0D584D-884A-4972-850F-7B7101DC5580}.Debug|Any CPU.Build.0 = Debug|Any CPU
		{7D0D584D-884A-4972-850F-7B7101DC5580}.Release|Any CPU.ActiveCfg = Release|Any CPU
		{7D0D584D-884A-4972-850F-7B7101DC5580}.Release|Any CPU.Build.0 = Release|Any CPU
		{94C748AA-6C8C-458B-8B44-65405B3964B3}.Debug|Any CPU.ActiveCfg = Debug|Any CPU
		{94C748AA-6C8C-458B-8B44-65405B3964B3}.Debug|Any CPU.Build.0 = Debug|Any CPU
		{94C748AA-6C8C-458B-8B44-65405B3964B3}.Release|Any CPU.ActiveCfg = Release|Any CPU
		{94C748AA-6C8C-458B-8B44-65405B3964B3}.Release|Any CPU.Build.0 = Release|Any CPU
		{7737DC50-9F8F-4F9F-9FDA-BBD94217354B}.Debug|Any CPU.ActiveCfg = Debug|Any CPU
		{7737DC50-9F8F-4F9F-9FDA-BBD94217354B}.Debug|Any CPU.Build.0 = Debug|Any CPU
		{7737DC50-9F8F-4F9F-9FDA-BBD94217354B}.Release|Any CPU.ActiveCfg = Release|Any CPU
		{7737DC50-9F8F-4F9F-9FDA-BBD94217354B}.Release|Any CPU.Build.0 = Release|Any CPU
		{CA7D9FAA-5667-46BA-9631-557FA589615E}.Debug|Any CPU.ActiveCfg = Debug|Any CPU
		{CA7D9FAA-5667-46BA-9631-557FA589615E}.Debug|Any CPU.Build.0 = Debug|Any CPU
		{CA7D9FAA-5667-46BA-9631-557FA589615E}.Release|Any CPU.ActiveCfg = Release|Any CPU
		{CA7D9FAA-5667-46BA-9631-557FA589615E}.Release|Any CPU.Build.0 = Release|Any CPU
		{39FAFCCF-DD0A-4312-BC52-1063AF0CB36C}.Debug|Any CPU.ActiveCfg = Debug|Any CPU
		{39FAFCCF-DD0A-4312-BC52-1063AF0CB36C}.Debug|Any CPU.Build.0 = Debug|Any CPU
		{39FAFCCF-DD0A-4312-BC52-1063AF0CB36C}.Release|Any CPU.ActiveCfg = Release|Any CPU
		{39FAFCCF-DD0A-4312-BC52-1063AF0CB36C}.Release|Any CPU.Build.0 = Release|Any CPU
		{6E26700E-7592-47C1-A8BE-028A245B7883}.Debug|Any CPU.ActiveCfg = Debug|Any CPU
		{6E26700E-7592-47C1-A8BE-028A245B7883}.Debug|Any CPU.Build.0 = Debug|Any CPU
		{6E26700E-7592-47C1-A8BE-028A245B7883}.Release|Any CPU.ActiveCfg = Release|Any CPU
		{6E26700E-7592-47C1-A8BE-028A245B7883}.Release|Any CPU.Build.0 = Release|Any CPU
		{3E409F74-49E5-4F2F-84DB-CA63660C5105}.Debug|Any CPU.ActiveCfg = Debug|Any CPU
		{3E409F74-49E5-4F2F-84DB-CA63660C5105}.Debug|Any CPU.Build.0 = Debug|Any CPU
		{3E409F74-49E5-4F2F-84DB-CA63660C5105}.Release|Any CPU.ActiveCfg = Release|Any CPU
		{3E409F74-49E5-4F2F-84DB-CA63660C5105}.Release|Any CPU.Build.0 = Release|Any CPU
		{B988C339-C94E-4371-A317-1D8B4C4211BD}.Debug|Any CPU.ActiveCfg = Debug|Any CPU
		{B988C339-C94E-4371-A317-1D8B4C4211BD}.Debug|Any CPU.Build.0 = Debug|Any CPU
		{B988C339-C94E-4371-A317-1D8B4C4211BD}.Release|Any CPU.ActiveCfg = Release|Any CPU
		{B988C339-C94E-4371-A317-1D8B4C4211BD}.Release|Any CPU.Build.0 = Release|Any CPU
		{A7A0F64C-DB17-4D3B-B640-3F1027599216}.Debug|Any CPU.ActiveCfg = Debug|Any CPU
		{A7A0F64C-DB17-4D3B-B640-3F1027599216}.Debug|Any CPU.Build.0 = Debug|Any CPU
		{A7A0F64C-DB17-4D3B-B640-3F1027599216}.Release|Any CPU.ActiveCfg = Release|Any CPU
		{A7A0F64C-DB17-4D3B-B640-3F1027599216}.Release|Any CPU.Build.0 = Release|Any CPU
	EndGlobalSection
	GlobalSection(SolutionProperties) = preSolution
		HideSolutionNode = FALSE
	EndGlobalSection
	GlobalSection(ExtensibilityGlobals) = postSolution
		SolutionGuid = {2FDE5CB2-1524-4E67-9B1D-09C8D90DB23D}
	EndGlobalSection
EndGlobal
